{
  "object": {
    "pins": [
      {
        "package": "DSFAppearanceManager",
        "repositoryURL": "https://github.com/dagronf/DSFAppearanceManager",
        "state": {
          "branch": null,
          "revision": "40f4ac9d32ffafb706e39f74dfa3f5934f9e339a",
          "version": "0.2.0"
        }
      }
    ]
  },
  "version": 1
}
