// !$*UTF8*$!
{
	archiveVersion = 1;
	classes = {
	};
	objectVersion = 50;
	objects = {

/* Begin PBXBuildFile section */
		2314759D23FB3E7C0083CC8E /* AppDelegate.m in Sources */ = {isa = PBXBuildFile; fileRef = 2314759C23FB3E7C0083CC8E /* AppDelegate.m */; };
		2314759F23FB3E7C0083CC8E /* Assets.xcassets in Resources */ = {isa = PBXBuildFile; fileRef = 2314759E23FB3E7C0083CC8E /* Assets.xcassets */; };
		231475A223FB3E7C0083CC8E /* MainMenu.xib in Resources */ = {isa = PBXBuildFile; fileRef = 231475A023FB3E7C0083CC8E /* MainMenu.xib */; };
		231475A523FB3E7C0083CC8E /* main.m in Sources */ = {isa = PBXBuildFile; fileRef = 231475A423FB3E7C0083CC8E /* main.m */; };
		231475AA23FB3E840083CC8E /* DSFToggleButton.swift in Sources */ = {isa = PBXBuildFile; fileRef = 23BC8FD323F9EECA00885D3B /* DSFToggleButton.swift */; };
		231475AD23FB3F060083CC8E /* DSFAccessibility.swift in Sources */ = {isa = PBXBuildFile; fileRef = 23B9930D23FA6CB30075DBD7 /* DSFAccessibility.swift */; };
		236DF7F6240DB7C60091E6B1 /* AppDelegate.swift in Sources */ = {isa = PBXBuildFile; fileRef = 236DF7F5240DB7C60091E6B1 /* AppDelegate.swift */; };
		236DF7F8240DB7C70091E6B1 /* Assets.xcassets in Resources */ = {isa = PBXBuildFile; fileRef = 236DF7F7240DB7C70091E6B1 /* Assets.xcassets */; };
		236DF7FB240DB7C70091E6B1 /* MainMenu.xib in Resources */ = {isa = PBXBuildFile; fileRef = 236DF7F9240DB7C70091E6B1 /* MainMenu.xib */; };
		23761E7C24E36733006CE7C7 /* DSFToggleButton+extensions.swift in Sources */ = {isa = PBXBuildFile; fileRef = 23761E7B24E36733006CE7C7 /* DSFToggleButton+extensions.swift */; };
		23761E7D24E36733006CE7C7 /* DSFToggleButton+extensions.swift in Sources */ = {isa = PBXBuildFile; fileRef = 23761E7B24E36733006CE7C7 /* DSFToggleButton+extensions.swift */; };
		23761E7E24E36733006CE7C7 /* DSFToggleButton+extensions.swift in Sources */ = {isa = PBXBuildFile; fileRef = 23761E7B24E36733006CE7C7 /* DSFToggleButton+extensions.swift */; };
		23B9930E23FA6CB30075DBD7 /* DSFAccessibility.swift in Sources */ = {isa = PBXBuildFile; fileRef = 23B9930D23FA6CB30075DBD7 /* DSFAccessibility.swift */; };
		23BC8FC623F9EE6C00885D3B /* AppDelegate.swift in Sources */ = {isa = PBXBuildFile; fileRef = 23BC8FC523F9EE6C00885D3B /* AppDelegate.swift */; };
		23BC8FC823F9EE6D00885D3B /* Assets.xcassets in Resources */ = {isa = PBXBuildFile; fileRef = 23BC8FC723F9EE6D00885D3B /* Assets.xcassets */; };
		23BC8FCB23F9EE6D00885D3B /* MainMenu.xib in Resources */ = {isa = PBXBuildFile; fileRef = 23BC8FC923F9EE6D00885D3B /* MainMenu.xib */; };
		23BC8FD423F9EECA00885D3B /* DSFToggleButton.swift in Sources */ = {isa = PBXBuildFile; fileRef = 23BC8FD323F9EECA00885D3B /* DSFToggleButton.swift */; };
		23C915C5240DB88F006C00F7 /* DSFToggleButton.swift in Sources */ = {isa = PBXBuildFile; fileRef = 23BC8FD323F9EECA00885D3B /* DSFToggleButton.swift */; };
		23C915C6240DB89D006C00F7 /* DSFAccessibility.swift in Sources */ = {isa = PBXBuildFile; fileRef = 23B9930D23FA6CB30075DBD7 /* DSFAccessibility.swift */; };
/* End PBXBuildFile section */

/* Begin PBXFileReference section */
		2314759923FB3E7C0083CC8E /* DSFToggleButton Demo Objc.app */ = {isa = PBXFileReference; explicitFileType = wrapper.application; includeInIndex = 0; path = "DSFToggleButton Demo Objc.app"; sourceTree = BUILT_PRODUCTS_DIR; };
		2314759B23FB3E7C0083CC8E /* AppDelegate.h */ = {isa = PBXFileReference; lastKnownFileType = sourcecode.c.h; path = AppDelegate.h; sourceTree = "<group>"; };
		2314759C23FB3E7C0083CC8E /* AppDelegate.m */ = {isa = PBXFileReference; lastKnownFileType = sourcecode.c.objc; path = AppDelegate.m; sourceTree = "<group>"; };
		2314759E23FB3E7C0083CC8E /* Assets.xcassets */ = {isa = PBXFileReference; lastKnownFileType = folder.assetcatalog; path = Assets.xcassets; sourceTree = "<group>"; };
		231475A123FB3E7C0083CC8E /* Base */ = {isa = PBXFileReference; lastKnownFileType = file.xib; name = Base; path = Base.lproj/MainMenu.xib; sourceTree = "<group>"; };
		231475A323FB3E7C0083CC8E /* Info.plist */ = {isa = PBXFileReference; lastKnownFileType = text.plist.xml; path = Info.plist; sourceTree = "<group>"; };
		231475A423FB3E7C0083CC8E /* main.m */ = {isa = PBXFileReference; lastKnownFileType = sourcecode.c.objc; path = main.m; sourceTree = "<group>"; };
		231475A623FB3E7C0083CC8E /* DSFToggleButton_Demo_Objc.entitlements */ = {isa = PBXFileReference; lastKnownFileType = text.plist.entitlements; path = DSFToggleButton_Demo_Objc.entitlements; sourceTree = "<group>"; };
		236DF7F3240DB7C60091E6B1 /* DSFToggleButton_Debugger.app */ = {isa = PBXFileReference; explicitFileType = wrapper.application; includeInIndex = 0; path = DSFToggleButton_Debugger.app; sourceTree = BUILT_PRODUCTS_DIR; };
		236DF7F5240DB7C60091E6B1 /* AppDelegate.swift */ = {isa = PBXFileReference; lastKnownFileType = sourcecode.swift; path = AppDelegate.swift; sourceTree = "<group>"; };
		236DF7F7240DB7C70091E6B1 /* Assets.xcassets */ = {isa = PBXFileReference; lastKnownFileType = folder.assetcatalog; path = Assets.xcassets; sourceTree = "<group>"; };
		236DF7FA240DB7C70091E6B1 /* Base */ = {isa = PBXFileReference; lastKnownFileType = file.xib; name = Base; path = Base.lproj/MainMenu.xib; sourceTree = "<group>"; };
		236DF7FC240DB7C70091E6B1 /* Info.plist */ = {isa = PBXFileReference; lastKnownFileType = text.plist.xml; path = Info.plist; sourceTree = "<group>"; };
		236DF7FD240DB7C70091E6B1 /* DSFToggleButton_Debugger.entitlements */ = {isa = PBXFileReference; lastKnownFileType = text.plist.entitlements; path = DSFToggleButton_Debugger.entitlements; sourceTree = "<group>"; };
		23761E7B24E36733006CE7C7 /* DSFToggleButton+extensions.swift */ = {isa = PBXFileReference; fileEncoding = 4; lastKnownFileType = sourcecode.swift; name = "DSFToggleButton+extensions.swift"; path = "../../../Sources/DSFToggleButton/DSFToggleButton+extensions.swift"; sourceTree = "<group>"; };
		23B9930D23FA6CB30075DBD7 /* DSFAccessibility.swift */ = {isa = PBXFileReference; fileEncoding = 4; lastKnownFileType = sourcecode.swift; name = DSFAccessibility.swift; path = ../../../Sources/DSFToggleButton/DSFAccessibility.swift; sourceTree = "<group>"; };
		23BC8FC223F9EE6C00885D3B /* DSFToggleButton Demo.app */ = {isa = PBXFileReference; explicitFileType = wrapper.application; includeInIndex = 0; path = "DSFToggleButton Demo.app"; sourceTree = BUILT_PRODUCTS_DIR; };
		23BC8FC523F9EE6C00885D3B /* AppDelegate.swift */ = {isa = PBXFileReference; lastKnownFileType = sourcecode.swift; path = AppDelegate.swift; sourceTree = "<group>"; };
		23BC8FC723F9EE6D00885D3B /* Assets.xcassets */ = {isa = PBXFileReference; lastKnownFileType = folder.assetcatalog; path = Assets.xcassets; sourceTree = "<group>"; };
		23BC8FCA23F9EE6D00885D3B /* Base */ = {isa = PBXFileReference; lastKnownFileType = file.xib; name = Base; path = Base.lproj/MainMenu.xib; sourceTree = "<group>"; };
		23BC8FCC23F9EE6D00885D3B /* Info.plist */ = {isa = PBXFileReference; lastKnownFileType = text.plist.xml; path = Info.plist; sourceTree = "<group>"; };
		23BC8FCD23F9EE6D00885D3B /* DSFToggleButton_Demo.entitlements */ = {isa = PBXFileReference; lastKnownFileType = text.plist.entitlements; path = DSFToggleButton_Demo.entitlements; sourceTree = "<group>"; };
		23BC8FD323F9EECA00885D3B /* DSFToggleButton.swift */ = {isa = PBXFileReference; fileEncoding = 4; lastKnownFileType = sourcecode.swift; name = DSFToggleButton.swift; path = ../../../Sources/DSFToggleButton/DSFToggleButton.swift; sourceTree = "<group>"; };
/* End PBXFileReference section */

/* Begin PBXFrameworksBuildPhase section */
		2314759623FB3E7C0083CC8E /* Frameworks */ = {
			isa = PBXFrameworksBuildPhase;
			buildActionMask = 2147483647;
			files = (
			);
			runOnlyForDeploymentPostprocessing = 0;
		};
		236DF7F0240DB7C60091E6B1 /* Frameworks */ = {
			isa = PBXFrameworksBuildPhase;
			buildActionMask = 2147483647;
			files = (
			);
			runOnlyForDeploymentPostprocessing = 0;
		};
		23BC8FBF23F9EE6C00885D3B /* Frameworks */ = {
			isa = PBXFrameworksBuildPhase;
			buildActionMask = 2147483647;
			files = (
			);
			runOnlyForDeploymentPostprocessing = 0;
		};
/* End PBXFrameworksBuildPhase section */

/* Begin PBXGroup section */
		2314759A23FB3E7C0083CC8E /* DSFToggleButton Demo Objc */ = {
			isa = PBXGroup;
			children = (
				2314759B23FB3E7C0083CC8E /* AppDelegate.h */,
				2314759C23FB3E7C0083CC8E /* AppDelegate.m */,
				2314759E23FB3E7C0083CC8E /* Assets.xcassets */,
				231475A023FB3E7C0083CC8E /* MainMenu.xib */,
				231475A323FB3E7C0083CC8E /* Info.plist */,
				231475A423FB3E7C0083CC8E /* main.m */,
				231475A623FB3E7C0083CC8E /* DSFToggleButton_Demo_Objc.entitlements */,
			);
			path = "DSFToggleButton Demo Objc";
			sourceTree = "<group>";
		};
		236DF7F4240DB7C60091E6B1 /* DSFToggleButton_Debugger */ = {
			isa = PBXGroup;
			children = (
				236DF7F5240DB7C60091E6B1 /* AppDelegate.swift */,
				236DF7F7240DB7C70091E6B1 /* Assets.xcassets */,
				236DF7F9240DB7C70091E6B1 /* MainMenu.xib */,
				236DF7FC240DB7C70091E6B1 /* Info.plist */,
				236DF7FD240DB7C70091E6B1 /* DSFToggleButton_Debugger.entitlements */,
			);
			path = DSFToggleButton_Debugger;
			sourceTree = "<group>";
		};
		23BC8FB923F9EE6C00885D3B = {
			isa = PBXGroup;
			children = (
				23BC8FC423F9EE6C00885D3B /* DSFToggleButton Demo */,
				2314759A23FB3E7C0083CC8E /* DSFToggleButton Demo Objc */,
				236DF7F4240DB7C60091E6B1 /* DSFToggleButton_Debugger */,
				23BC8FC323F9EE6C00885D3B /* Products */,
			);
			sourceTree = "<group>";
		};
		23BC8FC323F9EE6C00885D3B /* Products */ = {
			isa = PBXGroup;
			children = (
				23BC8FC223F9EE6C00885D3B /* DSFToggleButton Demo.app */,
				2314759923FB3E7C0083CC8E /* DSFToggleButton Demo Objc.app */,
				236DF7F3240DB7C60091E6B1 /* DSFToggleButton_Debugger.app */,
			);
			name = Products;
			sourceTree = "<group>";
		};
		23BC8FC423F9EE6C00885D3B /* DSFToggleButton Demo */ = {
			isa = PBXGroup;
			children = (
				23761E7B24E36733006CE7C7 /* DSFToggleButton+extensions.swift */,
				23BC8FD323F9EECA00885D3B /* DSFToggleButton.swift */,
				23B9930D23FA6CB30075DBD7 /* DSFAccessibility.swift */,
				23BC8FC523F9EE6C00885D3B /* AppDelegate.swift */,
				23BC8FC723F9EE6D00885D3B /* Assets.xcassets */,
				23BC8FC923F9EE6D00885D3B /* MainMenu.xib */,
				23BC8FCC23F9EE6D00885D3B /* Info.plist */,
				23BC8FCD23F9EE6D00885D3B /* DSFToggleButton_Demo.entitlements */,
			);
			path = "DSFToggleButton Demo";
			sourceTree = "<group>";
		};
/* End PBXGroup section */

/* Begin PBXNativeTarget section */
		2314759823FB3E7C0083CC8E /* DSFToggleButton Demo Objc */ = {
			isa = PBXNativeTarget;
			buildConfigurationList = 231475A923FB3E7C0083CC8E /* Build configuration list for PBXNativeTarget "DSFToggleButton Demo Objc" */;
			buildPhases = (
				2314759523FB3E7C0083CC8E /* Sources */,
				2314759623FB3E7C0083CC8E /* Frameworks */,
				2314759723FB3E7C0083CC8E /* Resources */,
			);
			buildRules = (
			);
			dependencies = (
			);
			name = "DSFToggleButton Demo Objc";
			productName = "DSFToggleButton Demo Objc";
			productReference = 2314759923FB3E7C0083CC8E /* DSFToggleButton Demo Objc.app */;
			productType = "com.apple.product-type.application";
		};
		236DF7F2240DB7C60091E6B1 /* DSFToggleButton_Debugger */ = {
			isa = PBXNativeTarget;
			buildConfigurationList = 236DF800240DB7C70091E6B1 /* Build configuration list for PBXNativeTarget "DSFToggleButton_Debugger" */;
			buildPhases = (
				236DF7EF240DB7C60091E6B1 /* Sources */,
				236DF7F0240DB7C60091E6B1 /* Frameworks */,
				236DF7F1240DB7C60091E6B1 /* Resources */,
			);
			buildRules = (
			);
			dependencies = (
			);
			name = DSFToggleButton_Debugger;
			productName = DSFToggleButton_Debugger;
			productReference = 236DF7F3240DB7C60091E6B1 /* DSFToggleButton_Debugger.app */;
			productType = "com.apple.product-type.application";
		};
		23BC8FC123F9EE6C00885D3B /* DSFToggleButton Demo */ = {
			isa = PBXNativeTarget;
			buildConfigurationList = 23BC8FD023F9EE6D00885D3B /* Build configuration list for PBXNativeTarget "DSFToggleButton Demo" */;
			buildPhases = (
				23BC8FBE23F9EE6C00885D3B /* Sources */,
				23BC8FBF23F9EE6C00885D3B /* Frameworks */,
				23BC8FC023F9EE6C00885D3B /* Resources */,
			);
			buildRules = (
			);
			dependencies = (
			);
			name = "DSFToggleButton Demo";
			productName = "DSFToggleButton Demo";
			productReference = 23BC8FC223F9EE6C00885D3B /* DSFToggleButton Demo.app */;
			productType = "com.apple.product-type.application";
		};
/* End PBXNativeTarget section */

/* Begin PBXProject section */
		23BC8FBA23F9EE6C00885D3B /* Project object */ = {
			isa = PBXProject;
			attributes = {
				LastSwiftUpdateCheck = 1130;
				LastUpgradeCheck = 1130;
				ORGANIZATIONNAME = "Darren Ford";
				TargetAttributes = {
					2314759823FB3E7C0083CC8E = {
						CreatedOnToolsVersion = 11.3.1;
					};
					236DF7F2240DB7C60091E6B1 = {
						CreatedOnToolsVersion = 11.3.1;
					};
					23BC8FC123F9EE6C00885D3B = {
						CreatedOnToolsVersion = 11.3.1;
					};
				};
			};
			buildConfigurationList = 23BC8FBD23F9EE6C00885D3B /* Build configuration list for PBXProject "DSFToggleButton Demo" */;
			compatibilityVersion = "Xcode 9.3";
			developmentRegion = en;
			hasScannedForEncodings = 0;
			knownRegions = (
				en,
				Base,
			);
			mainGroup = 23BC8FB923F9EE6C00885D3B;
			productRefGroup = 23BC8FC323F9EE6C00885D3B /* Products */;
			projectDirPath = "";
			projectRoot = "";
			targets = (
				23BC8FC123F9EE6C00885D3B /* DSFToggleButton Demo */,
				2314759823FB3E7C0083CC8E /* DSFToggleButton Demo Objc */,
				236DF7F2240DB7C60091E6B1 /* DSFToggleButton_Debugger */,
			);
		};
/* End PBXProject section */

/* Begin PBXResourcesBuildPhase section */
		2314759723FB3E7C0083CC8E /* Resources */ = {
			isa = PBXResourcesBuildPhase;
			buildActionMask = 2147483647;
			files = (
				2314759F23FB3E7C0083CC8E /* Assets.xcassets in Resources */,
				231475A223FB3E7C0083CC8E /* MainMenu.xib in Resources */,
			);
			runOnlyForDeploymentPostprocessing = 0;
		};
		236DF7F1240DB7C60091E6B1 /* Resources */ = {
			isa = PBXResourcesBuildPhase;
			buildActionMask = 2147483647;
			files = (
				236DF7F8240DB7C70091E6B1 /* Assets.xcassets in Resources */,
				236DF7FB240DB7C70091E6B1 /* MainMenu.xib in Resources */,
			);
			runOnlyForDeploymentPostprocessing = 0;
		};
		23BC8FC023F9EE6C00885D3B /* Resources */ = {
			isa = PBXResourcesBuildPhase;
			buildActionMask = 2147483647;
			files = (
				23BC8FC823F9EE6D00885D3B /* Assets.xcassets in Resources */,
				23BC8FCB23F9EE6D00885D3B /* MainMenu.xib in Resources */,
			);
			runOnlyForDeploymentPostprocessing = 0;
		};
/* End PBXResourcesBuildPhase section */

/* Begin PBXSourcesBuildPhase section */
		2314759523FB3E7C0083CC8E /* Sources */ = {
			isa = PBXSourcesBuildPhase;
			buildActionMask = 2147483647;
			files = (
				231475AA23FB3E840083CC8E /* DSFToggleButton.swift in Sources */,
				231475A523FB3E7C0083CC8E /* main.m in Sources */,
				23761E7D24E36733006CE7C7 /* DSFToggleButton+extensions.swift in Sources */,
				231475AD23FB3F060083CC8E /* DSFAccessibility.swift in Sources */,
				2314759D23FB3E7C0083CC8E /* AppDelegate.m in Sources */,
			);
			runOnlyForDeploymentPostprocessing = 0;
		};
		236DF7EF240DB7C60091E6B1 /* Sources */ = {
			isa = PBXSourcesBuildPhase;
			buildActionMask = 2147483647;
			files = (
				236DF7F6240DB7C60091E6B1 /* AppDelegate.swift in Sources */,
				23C915C6240DB89D006C00F7 /* DSFAccessibility.swift in Sources */,
				23761E7E24E36733006CE7C7 /* DSFToggleButton+extensions.swift in Sources */,
				23C915C5240DB88F006C00F7 /* DSFToggleButton.swift in Sources */,
			);
			runOnlyForDeploymentPostprocessing = 0;
		};
		23BC8FBE23F9EE6C00885D3B /* Sources */ = {
			isa = PBXSourcesBuildPhase;
			buildActionMask = 2147483647;
			files = (
				23BC8FC623F9EE6C00885D3B /* AppDelegate.swift in Sources */,
				23B9930E23FA6CB30075DBD7 /* DSFAccessibility.swift in Sources */,
				23761E7C24E36733006CE7C7 /* DSFToggleButton+extensions.swift in Sources */,
				23BC8FD423F9EECA00885D3B /* DSFToggleButton.swift in Sources */,
			);
			runOnlyForDeploymentPostprocessing = 0;
		};
/* End PBXSourcesBuildPhase section */

/* Begin PBXVariantGroup section */
		231475A023FB3E7C0083CC8E /* MainMenu.xib */ = {
			isa = PBXVariantGroup;
			children = (
				231475A123FB3E7C0083CC8E /* Base */,
			);
			name = MainMenu.xib;
			sourceTree = "<group>";
		};
		236DF7F9240DB7C70091E6B1 /* MainMenu.xib */ = {
			isa = PBXVariantGroup;
			children = (
				236DF7FA240DB7C70091E6B1 /* Base */,
			);
			name = MainMenu.xib;
			sourceTree = "<group>";
		};
		23BC8FC923F9EE6D00885D3B /* MainMenu.xib */ = {
			isa = PBXVariantGroup;
			children = (
				23BC8FCA23F9EE6D00885D3B /* Base */,
			);
			name = MainMenu.xib;
			sourceTree = "<group>";
		};
/* End PBXVariantGroup section */

/* Begin XCBuildConfiguration section */
		231475A723FB3E7C0083CC8E /* Debug */ = {
			isa = XCBuildConfiguration;
			buildSettings = {
				ASSETCATALOG_COMPILER_APPICON_NAME = AppIcon;
				CODE_SIGN_ENTITLEMENTS = "DSFToggleButton Demo Objc/DSFToggleButton_Demo_Objc.entitlements";
				CODE_SIGN_STYLE = Automatic;
				COMBINE_HIDPI_IMAGES = YES;
				DEVELOPMENT_TEAM = "";
				ENABLE_HARDENED_RUNTIME = YES;
				INFOPLIST_FILE = "DSFToggleButton Demo Objc/Info.plist";
				LD_RUNPATH_SEARCH_PATHS = (
					"$(inherited)",
					"@executable_path/../Frameworks",
				);
				MACOSX_DEPLOYMENT_TARGET = 10.10;
				PRODUCT_BUNDLE_IDENTIFIER = "com.darrenford.DSFToggleButton-Demo-Objc";
				PRODUCT_NAME = "$(TARGET_NAME)";
				SWIFT_VERSION = 5.0;
			};
			name = Debug;
		};
		231475A823FB3E7C0083CC8E /* Release */ = {
			isa = XCBuildConfiguration;
			buildSettings = {
				ASSETCATALOG_COMPILER_APPICON_NAME = AppIcon;
				CODE_SIGN_ENTITLEMENTS = "DSFToggleButton Demo Objc/DSFToggleButton_Demo_Objc.entitlements";
				CODE_SIGN_STYLE = Automatic;
				COMBINE_HIDPI_IMAGES = YES;
				DEVELOPMENT_TEAM = "";
				ENABLE_HARDENED_RUNTIME = YES;
				INFOPLIST_FILE = "DSFToggleButton Demo Objc/Info.plist";
				LD_RUNPATH_SEARCH_PATHS = (
					"$(inherited)",
					"@executable_path/../Frameworks",
				);
				MACOSX_DEPLOYMENT_TARGET = 10.10;
				PRODUCT_BUNDLE_IDENTIFIER = "com.darrenford.DSFToggleButton-Demo-Objc";
				PRODUCT_NAME = "$(TARGET_NAME)";
				SWIFT_VERSION = 5.0;
			};
			name = Release;
		};
		236DF7FE240DB7C70091E6B1 /* Debug */ = {
			isa = XCBuildConfiguration;
			buildSettings = {
				ASSETCATALOG_COMPILER_APPICON_NAME = AppIcon;
				CODE_SIGN_ENTITLEMENTS = DSFToggleButton_Debugger/DSFToggleButton_Debugger.entitlements;
				CODE_SIGN_STYLE = Automatic;
				COMBINE_HIDPI_IMAGES = YES;
				DEVELOPMENT_TEAM = 3L6RK3LGGW;
				ENABLE_HARDENED_RUNTIME = YES;
				INFOPLIST_FILE = DSFToggleButton_Debugger/Info.plist;
				LD_RUNPATH_SEARCH_PATHS = (
					"$(inherited)",
					"@executable_path/../Frameworks",
				);
				MACOSX_DEPLOYMENT_TARGET = 10.10;
				PRODUCT_BUNDLE_IDENTIFIER = "com.darrenford.DSFToggleButton-Debugger";
				PRODUCT_NAME = "$(TARGET_NAME)";
				SWIFT_VERSION = 5.0;
			};
			name = Debug;
		};
		236DF7FF240DB7C70091E6B1 /* Release */ = {
			isa = XCBuildConfiguration;
			buildSettings = {
				ASSETCATALOG_COMPILER_APPICON_NAME = AppIcon;
				CODE_SIGN_ENTITLEMENTS = DSFToggleButton_Debugger/DSFToggleButton_Debugger.entitlements;
				CODE_SIGN_STYLE = Automatic;
				COMBINE_HIDPI_IMAGES = YES;
				DEVELOPMENT_TEAM = 3L6RK3LGGW;
				ENABLE_HARDENED_RUNTIME = YES;
				INFOPLIST_FILE = DSFToggleButton_Debugger/Info.plist;
				LD_RUNPATH_SEARCH_PATHS = (
					"$(inherited)",
					"@executable_path/../Frameworks",
				);
				MACOSX_DEPLOYMENT_TARGET = 10.10;
				PRODUCT_BUNDLE_IDENTIFIER = "com.darrenford.DSFToggleButton-Debugger";
				PRODUCT_NAME = "$(TARGET_NAME)";
				SWIFT_VERSION = 5.0;
			};
			name = Release;
		};
		23BC8FCE23F9EE6D00885D3B /* Debug */ = {
			isa = XCBuildConfiguration;
			buildSettings = {
				ALWAYS_SEARCH_USER_PATHS = NO;
				CLANG_ANALYZER_NONNULL = YES;
				CLANG_ANALYZER_NUMBER_OBJECT_CONVERSION = YES_AGGRESSIVE;
				CLANG_CXX_LANGUAGE_STANDARD = "gnu++14";
				CLANG_CXX_LIBRARY = "libc++";
				CLANG_ENABLE_MODULES = YES;
				CLANG_ENABLE_OBJC_ARC = YES;
				CLANG_ENABLE_OBJC_WEAK = YES;
				CLANG_WARN_BLOCK_CAPTURE_AUTORELEASING = YES;
				CLANG_WARN_BOOL_CONVERSION = YES;
				CLANG_WARN_COMMA = YES;
				CLANG_WARN_CONSTANT_CONVERSION = YES;
				CLANG_WARN_DEPRECATED_OBJC_IMPLEMENTATIONS = YES;
				CLANG_WARN_DIRECT_OBJC_ISA_USAGE = YES_ERROR;
				CLANG_WARN_DOCUMENTATION_COMMENTS = YES;
				CLANG_WARN_EMPTY_BODY = YES;
				CLANG_WARN_ENUM_CONVERSION = YES;
				CLANG_WARN_INFINITE_RECURSION = YES;
				CLANG_WARN_INT_CONVERSION = YES;
				CLANG_WARN_NON_LITERAL_NULL_CONVERSION = YES;
				CLANG_WARN_OBJC_IMPLICIT_RETAIN_SELF = YES;
				CLANG_WARN_OBJC_LITERAL_CONVERSION = YES;
				CLANG_WARN_OBJC_ROOT_CLASS = YES_ERROR;
				CLANG_WARN_RANGE_LOOP_ANALYSIS = YES;
				CLANG_WARN_STRICT_PROTOTYPES = YES;
				CLANG_WARN_SUSPICIOUS_MOVE = YES;
				CLANG_WARN_UNGUARDED_AVAILABILITY = YES_AGGRESSIVE;
				CLANG_WARN_UNREACHABLE_CODE = YES;
				CLANG_WARN__DUPLICATE_METHOD_MATCH = YES;
				COPY_PHASE_STRIP = NO;
				DEBUG_INFORMATION_FORMAT = dwarf;
				ENABLE_STRICT_OBJC_MSGSEND = YES;
				ENABLE_TESTABILITY = YES;
				GCC_C_LANGUAGE_STANDARD = gnu11;
				GCC_DYNAMIC_NO_PIC = NO;
				GCC_NO_COMMON_BLOCKS = YES;
				GCC_OPTIMIZATION_LEVEL = 0;
				GCC_PREPROCESSOR_DEFINITIONS = (
					"DEBUG=1",
					"$(inherited)",
				);
				GCC_WARN_64_TO_32_BIT_CONVERSION = YES;
				GCC_WARN_ABOUT_RETURN_TYPE = YES_ERROR;
				GCC_WARN_UNDECLARED_SELECTOR = YES;
				GCC_WARN_UNINITIALIZED_AUTOS = YES_AGGRESSIVE;
				GCC_WARN_UNUSED_FUNCTION = YES;
				GCC_WARN_UNUSED_VARIABLE = YES;
				MACOSX_DEPLOYMENT_TARGET = 10.10;
				MTL_ENABLE_DEBUG_INFO = INCLUDE_SOURCE;
				MTL_FAST_MATH = YES;
				ONLY_ACTIVE_ARCH = YES;
				SDKROOT = macosx;
				SWIFT_ACTIVE_COMPILATION_CONDITIONS = DEBUG;
				SWIFT_OPTIMIZATION_LEVEL = "-Onone";
			};
			name = Debug;
		};
		23BC8FCF23F9EE6D00885D3B /* Release */ = {
			isa = XCBuildConfiguration;
			buildSettings = {
				ALWAYS_SEARCH_USER_PATHS = NO;
				CLANG_ANALYZER_NONNULL = YES;
				CLANG_ANALYZER_NUMBER_OBJECT_CONVERSION = YES_AGGRESSIVE;
				CLANG_CXX_LANGUAGE_STANDARD = "gnu++14";
				CLANG_CXX_LIBRARY = "libc++";
				CLANG_ENABLE_MODULES = YES;
				CLANG_ENABLE_OBJC_ARC = YES;
				CLANG_ENABLE_OBJC_WEAK = YES;
				CLANG_WARN_BLOCK_CAPTURE_AUTORELEASING = YES;
				CLANG_WARN_BOOL_CONVERSION = YES;
				CLANG_WARN_COMMA = YES;
				CLANG_WARN_CONSTANT_CONVERSION = YES;
				CLANG_WARN_DEPRECATED_OBJC_IMPLEMENTATIONS = YES;
				CLANG_WARN_DIRECT_OBJC_ISA_USAGE = YES_ERROR;
				CLANG_WARN_DOCUMENTATION_COMMENTS = YES;
				CLANG_WARN_EMPTY_BODY = YES;
				CLANG_WARN_ENUM_CONVERSION = YES;
				CLANG_WARN_INFINITE_RECURSION = YES;
				CLANG_WARN_INT_CONVERSION = YES;
				CLANG_WARN_NON_LITERAL_NULL_CONVERSION = YES;
				CLANG_WARN_OBJC_IMPLICIT_RETAIN_SELF = YES;
				CLANG_WARN_OBJC_LITERAL_CONVERSION = YES;
				CLANG_WARN_OBJC_ROOT_CLASS = YES_ERROR;
				CLANG_WARN_RANGE_LOOP_ANALYSIS = YES;
				CLANG_WARN_STRICT_PROTOTYPES = YES;
				CLANG_WARN_SUSPICIOUS_MOVE = YES;
				CLANG_WARN_UNGUARDED_AVAILABILITY = YES_AGGRESSIVE;
				CLANG_WARN_UNREACHABLE_CODE = YES;
				CLANG_WARN__DUPLICATE_METHOD_MATCH = YES;
				COPY_PHASE_STRIP = NO;
				DEBUG_INFORMATION_FORMAT = "dwarf-with-dsym";
				ENABLE_NS_ASSERTIONS = NO;
				ENABLE_STRICT_OBJC_MSGSEND = YES;
				GCC_C_LANGUAGE_STANDARD = gnu11;
				GCC_NO_COMMON_BLOCKS = YES;
				GCC_WARN_64_TO_32_BIT_CONVERSION = YES;
				GCC_WARN_ABOUT_RETURN_TYPE = YES_ERROR;
				GCC_WARN_UNDECLARED_SELECTOR = YES;
				GCC_WARN_UNINITIALIZED_AUTOS = YES_AGGRESSIVE;
				GCC_WARN_UNUSED_FUNCTION = YES;
				GCC_WARN_UNUSED_VARIABLE = YES;
				MACOSX_DEPLOYMENT_TARGET = 10.10;
				MTL_ENABLE_DEBUG_INFO = NO;
				MTL_FAST_MATH = YES;
				SDKROOT = macosx;
				SWIFT_COMPILATION_MODE = wholemodule;
				SWIFT_OPTIMIZATION_LEVEL = "-O";
			};
			name = Release;
		};
		23BC8FD123F9EE6D00885D3B /* Debug */ = {
			isa = XCBuildConfiguration;
			buildSettings = {
				ASSETCATALOG_COMPILER_APPICON_NAME = AppIcon;
				CODE_SIGN_ENTITLEMENTS = "DSFToggleButton Demo/DSFToggleButton_Demo.entitlements";
				CODE_SIGN_IDENTITY = "-";
				CODE_SIGN_STYLE = Automatic;
				COMBINE_HIDPI_IMAGES = YES;
				DEVELOPMENT_TEAM = 3L6RK3LGGW;
				ENABLE_HARDENED_RUNTIME = YES;
				INFOPLIST_FILE = "DSFToggleButton Demo/Info.plist";
				LD_RUNPATH_SEARCH_PATHS = (
					"$(inherited)",
					"@executable_path/../Frameworks",
				);
				MACOSX_DEPLOYMENT_TARGET = 10.10;
				PRODUCT_BUNDLE_IDENTIFIER = "com.darrenford.DSFToggleButton-Demo";
				PRODUCT_NAME = "$(TARGET_NAME)";
				SWIFT_VERSION = 5.0;
			};
			name = Debug;
		};
		23BC8FD223F9EE6D00885D3B /* Release */ = {
			isa = XCBuildConfiguration;
			buildSettings = {
				ASSETCATALOG_COMPILER_APPICON_NAME = AppIcon;
				CODE_SIGN_ENTITLEMENTS = "DSFToggleButton Demo/DSFToggleButton_Demo.entitlements";
				CODE_SIGN_IDENTITY = "-";
				CODE_SIGN_STYLE = Automatic;
				COMBINE_HIDPI_IMAGES = YES;
				DEVELOPMENT_TEAM = 3L6RK3LGGW;
				ENABLE_HARDENED_RUNTIME = YES;
				INFOPLIST_FILE = "DSFToggleButton Demo/Info.plist";
				LD_RUNPATH_SEARCH_PATHS = (
					"$(inherited)",
					"@executable_path/../Frameworks",
				);
				MACOSX_DEPLOYMENT_TARGET = 10.10;
				PRODUCT_BUNDLE_IDENTIFIER = "com.darrenford.DSFToggleButton-Demo";
				PRODUCT_NAME = "$(TARGET_NAME)";
				SWIFT_VERSION = 5.0;
			};
			name = Release;
		};
/* End XCBuildConfiguration section */

/* Begin XCConfigurationList section */
		231475A923FB3E7C0083CC8E /* Build configuration list for PBXNativeTarget "DSFToggleButton Demo Objc" */ = {
			isa = XCConfigurationList;
			buildConfigurations = (
				231475A723FB3E7C0083CC8E /* Debug */,
				231475A823FB3E7C0083CC8E /* Release */,
			);
			defaultConfigurationIsVisible = 0;
			defaultConfigurationName = Release;
		};
		236DF800240DB7C70091E6B1 /* Build configuration list for PBXNativeTarget "DSFToggleButton_Debugger" */ = {
			isa = XCConfigurationList;
			buildConfigurations = (
				236DF7FE240DB7C70091E6B1 /* Debug */,
				236DF7FF240DB7C70091E6B1 /* Release */,
			);
			defaultConfigurationIsVisible = 0;
			defaultConfigurationName = Release;
		};
		23BC8FBD23F9EE6C00885D3B /* Build configuration list for PBXProject "DSFToggleButton Demo" */ = {
			isa = XCConfigurationList;
			buildConfigurations = (
				23BC8FCE23F9EE6D00885D3B /* Debug */,
				23BC8FCF23F9EE6D00885D3B /* Release */,
			);
			defaultConfigurationIsVisible = 0;
			defaultConfigurationName = Release;
		};
		23BC8FD023F9EE6D00885D3B /* Build configuration list for PBXNativeTarget "DSFToggleButton Demo" */ = {
			isa = XCConfigurationList;
			buildConfigurations = (
				23BC8FD123F9EE6D00885D3B /* Debug */,
				23BC8FD223F9EE6D00885D3B /* Release */,
			);
			defaultConfigurationIsVisible = 0;
			defaultConfigurationName = Release;
		};
/* End XCConfigurationList section */
	};
	rootObject = 23BC8FBA23F9EE6C00885D3B /* Project object */;
}
