// !$*UTF8*$!
{
	archiveVersion = 1;
	classes = {
	};
	objectVersion = 50;
	objects = {

/* Begin PBXBuildFile section */
		23BC8FC623F9EE6C00885D3B /* AppDelegate.swift in Sources */ = {isa = PBXBuildFile; fileRef = 23BC8FC523F9EE6C00885D3B /* AppDelegate.swift */; };
		23BC8FC823F9EE6D00885D3B /* Assets.xcassets in Resources */ = {isa = PBXBuildFile; fileRef = 23BC8FC723F9EE6D00885D3B /* Assets.xcassets */; };
		23BC8FCB23F9EE6D00885D3B /* MainMenu.xib in Resources */ = {isa = PBXBuildFile; fileRef = 23BC8FC923F9EE6D00885D3B /* MainMenu.xib */; };
		23BC8FD423F9EECA00885D3B /* DSFToggleButton.swift in Sources */ = {isa = PBXBuildFile; fileRef = 23BC8FD323F9EECA00885D3B /* DSFToggleButton.swift */; };
/* End PBXBuildFile section */

/* Begin PBXFileReference section */
		23BC8FC223F9EE6C00885D3B /* DSFToggleButton Demo.app */ = {isa = PBXFileReference; explicitFileType = wrapper.application; includeInIndex = 0; path = "DSFToggleButton Demo.app"; sourceTree = BUILT_PRODUCTS_DIR; };
		23BC8FC523F9EE6C00885D3B /* AppDelegate.swift */ = {isa = PBXFileReference; lastKnownFileType = sourcecode.swift; path = AppDelegate.swift; sourceTree = "<group>"; };
		23BC8FC723F9EE6D00885D3B /* Assets.xcassets */ = {isa = PBXFileReference; lastKnownFileType = folder.assetcatalog; path = Assets.xcassets; sourceTree = "<group>"; };
		23BC8FCA23F9EE6D00885D3B /* Base */ = {isa = PBXFileReference; lastKnownFileType = file.xib; name = Base; path = Base.lproj/MainMenu.xib; sourceTree = "<group>"; };
		23BC8FCC23F9EE6D00885D3B /* Info.plist */ = {isa = PBXFileReference; lastKnownFileType = text.plist.xml; path = Info.plist; sourceTree = "<group>"; };
		23BC8FCD23F9EE6D00885D3B /* DSFToggleButton_Demo.entitlements */ = {isa = PBXFileReference; lastKnownFileType = text.plist.entitlements; path = DSFToggleButton_Demo.entitlements; sourceTree = "<group>"; };
		23BC8FD323F9EECA00885D3B /* DSFToggleButton.swift */ = {isa = PBXFileReference; fileEncoding = 4; lastKnownFileType = sourcecode.swift; name = DSFToggleButton.swift; path = ../../../Sources/DSFToggleButton/DSFToggleButton.swift; sourceTree = "<group>"; };
/* End PBXFileReference section */

/* Begin PBXFrameworksBuildPhase section */
		23BC8FBF23F9EE6C00885D3B /* Frameworks */ = {
			isa = PBXFrameworksBuildPhase;
			buildActionMask = 2147483647;
			files = (
			);
			runOnlyForDeploymentPostprocessing = 0;
		};
/* End PBXFrameworksBuildPhase section */

/* Begin PBXGroup section */
		23BC8FB923F9EE6C00885D3B = {
			isa = PBXGroup;
			children = (
				23BC8FC423F9EE6C00885D3B /* DSFToggleButton Demo */,
				23BC8FC323F9EE6C00885D3B /* Products */,
			);
			sourceTree = "<group>";
		};
		23BC8FC323F9EE6C00885D3B /* Products */ = {
			isa = PBXGroup;
			children = (
				23BC8FC223F9EE6C00885D3B /* DSFToggleButton Demo.app */,
			);
			name = Products;
			sourceTree = "<group>";
		};
		23BC8FC423F9EE6C00885D3B /* DSFToggleButton Demo */ = {
			isa = PBXGroup;
			children = (
				23BC8FD323F9EECA00885D3B /* DSFToggleButton.swift */,
				23BC8FC523F9EE6C00885D3B /* AppDelegate.swift */,
				23BC8FC723F9EE6D00885D3B /* Assets.xcassets */,
				23BC8FC923F9EE6D00885D3B /* MainMenu.xib */,
				23BC8FCC23F9EE6D00885D3B /* Info.plist */,
				23BC8FCD23F9EE6D00885D3B /* DSFToggleButton_Demo.entitlements */,
			);
			path = "DSFToggleButton Demo";
			sourceTree = "<group>";
		};
/* End PBXGroup section */

/* Begin PBXNativeTarget section */
		23BC8FC123F9EE6C00885D3B /* DSFToggleButton Demo */ = {
			isa = PBXNativeTarget;
			buildConfigurationList = 23BC8FD023F9EE6D00885D3B /* Build configuration list for PBXNativeTarget "DSFToggleButton Demo" */;
			buildPhases = (
				23BC8FBE23F9EE6C00885D3B /* Sources */,
				23BC8FBF23F9EE6C00885D3B /* Frameworks */,
				23BC8FC023F9EE6C00885D3B /* Resources */,
			);
			buildRules = (
			);
			dependencies = (
			);
			name = "DSFToggleButton Demo";
			productName = "DSFToggleButton Demo";
			productReference = 23BC8FC223F9EE6C00885D3B /* DSFToggleButton Demo.app */;
			productType = "com.apple.product-type.application";
		};
/* End PBXNativeTarget section */

/* Begin PBXProject section */
		23BC8FBA23F9EE6C00885D3B /* Project object */ = {
			isa = PBXProject;
			attributes = {
				LastSwiftUpdateCheck = 1130;
				LastUpgradeCheck = 1130;
				ORGANIZATIONNAME = "Darren Ford";
				TargetAttributes = {
					23BC8FC123F9EE6C00885D3B = {
						CreatedOnToolsVersion = 11.3.1;
					};
				};
			};
			buildConfigurationList = 23BC8FBD23F9EE6C00885D3B /* Build configuration list for PBXProject "DSFToggleButton Demo" */;
			compatibilityVersion = "Xcode 9.3";
			developmentRegion = en;
			hasScannedForEncodings = 0;
			knownRegions = (
				en,
				Base,
			);
			mainGroup = 23BC8FB923F9EE6C00885D3B;
			productRefGroup = 23BC8FC323F9EE6C00885D3B /* Products */;
			projectDirPath = "";
			projectRoot = "";
			targets = (
				23BC8FC123F9EE6C00885D3B /* DSFToggleButton Demo */,
			);
		};
/* End PBXProject section */

/* Begin PBXResourcesBuildPhase section */
		23BC8FC023F9EE6C00885D3B /* Resources */ = {
			isa = PBXResourcesBuildPhase;
			buildActionMask = 2147483647;
			files = (
				23BC8FC823F9EE6D00885D3B /* Assets.xcassets in Resources */,
				23BC8FCB23F9EE6D00885D3B /* MainMenu.xib in Resources */,
			);
			runOnlyForDeploymentPostprocessing = 0;
		};
/* End PBXResourcesBuildPhase section */

/* Begin PBXSourcesBuildPhase section */
		23BC8FBE23F9EE6C00885D3B /* Sources */ = {
			isa = PBXSourcesBuildPhase;
			buildActionMask = 2147483647;
			files = (
				23BC8FC623F9EE6C00885D3B /* AppDelegate.swift in Sources */,
				23BC8FD423F9EECA00885D3B /* DSFToggleButton.swift in Sources */,
			);
			runOnlyForDeploymentPostprocessing = 0;
		};
/* End PBXSourcesBuildPhase section */

/* Begin PBXVariantGroup section */
		23BC8FC923F9EE6D00885D3B /* MainMenu.xib */ = {
			isa = PBXVariantGroup;
			children = (
				23BC8FCA23F9EE6D00885D3B /* Base */,
			);
			name = MainMenu.xib;
			sourceTree = "<group>";
		};
/* End PBXVariantGroup section */

/* Begin XCBuildConfiguration section */
		23BC8FCE23F9EE6D00885D3B /* Debug */ = {
			isa = XCBuildConfiguration;
			buildSettings = {
				ALWAYS_SEARCH_USER_PATHS = NO;
				CLANG_ANALYZER_NONNULL = YES;
				CLANG_ANALYZER_NUMBER_OBJECT_CONVERSION = YES_AGGRESSIVE;
				CLANG_CXX_LANGUAGE_STANDARD = "gnu++14";
				CLANG_CXX_LIBRARY = "libc++";
				CLANG_ENABLE_MODULES = YES;
				CLANG_ENABLE_OBJC_ARC = YES;
				CLANG_ENABLE_OBJC_WEAK = YES;
				CLANG_WARN_BLOCK_CAPTURE_AUTORELEASING = YES;
				CLANG_WARN_BOOL_CONVERSION = YES;
				CLANG_WARN_COMMA = YES;
				CLANG_WARN_CONSTANT_CONVERSION = YES;
				CLANG_WARN_DEPRECATED_OBJC_IMPLEMENTATIONS = YES;
				CLANG_WARN_DIRECT_OBJC_ISA_USAGE = YES_ERROR;
				CLANG_WARN_DOCUMENTATION_COMMENTS = YES;
				CLANG_WARN_EMPTY_BODY = YES;
				CLANG_WARN_ENUM_CONVERSION = YES;
				CLANG_WARN_INFINITE_RECURSION = YES;
				CLANG_WARN_INT_CONVERSION = YES;
				CLANG_WARN_NON_LITERAL_NULL_CONVERSION = YES;
				CLANG_WARN_OBJC_IMPLICIT_RETAIN_SELF = YES;
				CLANG_WARN_OBJC_LITERAL_CONVERSION = YES;
				CLANG_WARN_OBJC_ROOT_CLASS = YES_ERROR;
				CLANG_WARN_RANGE_LOOP_ANALYSIS = YES;
				CLANG_WARN_STRICT_PROTOTYPES = YES;
				CLANG_WARN_SUSPICIOUS_MOVE = YES;
				CLANG_WARN_UNGUARDED_AVAILABILITY = YES_AGGRESSIVE;
				CLANG_WARN_UNREACHABLE_CODE = YES;
				CLANG_WARN__DUPLICATE_METHOD_MATCH = YES;
				COPY_PHASE_STRIP = NO;
				DEBUG_INFORMATION_FORMAT = dwarf;
				ENABLE_STRICT_OBJC_MSGSEND = YES;
				ENABLE_TESTABILITY = YES;
				GCC_C_LANGUAGE_STANDARD = gnu11;
				GCC_DYNAMIC_NO_PIC = NO;
				GCC_NO_COMMON_BLOCKS = YES;
				GCC_OPTIMIZATION_LEVEL = 0;
				GCC_PREPROCESSOR_DEFINITIONS = (
					"DEBUG=1",
					"$(inherited)",
				);
				GCC_WARN_64_TO_32_BIT_CONVERSION = YES;
				GCC_WARN_ABOUT_RETURN_TYPE = YES_ERROR;
				GCC_WARN_UNDECLARED_SELECTOR = YES;
				GCC_WARN_UNINITIALIZED_AUTOS = YES_AGGRESSIVE;
				GCC_WARN_UNUSED_FUNCTION = YES;
				GCC_WARN_UNUSED_VARIABLE = YES;
				MACOSX_DEPLOYMENT_TARGET = 10.14;
				MTL_ENABLE_DEBUG_INFO = INCLUDE_SOURCE;
				MTL_FAST_MATH = YES;
				ONLY_ACTIVE_ARCH = YES;
				SDKROOT = macosx;
				SWIFT_ACTIVE_COMPILATION_CONDITIONS = DEBUG;
				SWIFT_OPTIMIZATION_LEVEL = "-Onone";
			};
			name = Debug;
		};
		23BC8FCF23F9EE6D00885D3B /* Release */ = {
			isa = XCBuildConfiguration;
			buildSettings = {
				ALWAYS_SEARCH_USER_PATHS = NO;
				CLANG_ANALYZER_NONNULL = YES;
				CLANG_ANALYZER_NUMBER_OBJECT_CONVERSION = YES_AGGRESSIVE;
				CLANG_CXX_LANGUAGE_STANDARD = "gnu++14";
				CLANG_CXX_LIBRARY = "libc++";
				CLANG_ENABLE_MODULES = YES;
				CLANG_ENABLE_OBJC_ARC = YES;
				CLANG_ENABLE_OBJC_WEAK = YES;
				CLANG_WARN_BLOCK_CAPTURE_AUTORELEASING = YES;
				CLANG_WARN_BOOL_CONVERSION = YES;
				CLANG_WARN_COMMA = YES;
				CLANG_WARN_CONSTANT_CONVERSION = YES;
				CLANG_WARN_DEPRECATED_OBJC_IMPLEMENTATIONS = YES;
				CLANG_WARN_DIRECT_OBJC_ISA_USAGE = YES_ERROR;
				CLANG_WARN_DOCUMENTATION_COMMENTS = YES;
				CLANG_WARN_EMPTY_BODY = YES;
				CLANG_WARN_ENUM_CONVERSION = YES;
				CLANG_WARN_INFINITE_RECURSION = YES;
				CLANG_WARN_INT_CONVERSION = YES;
				CLANG_WARN_NON_LITERAL_NULL_CONVERSION = YES;
				CLANG_WARN_OBJC_IMPLICIT_RETAIN_SELF = YES;
				CLANG_WARN_OBJC_LITERAL_CONVERSION = YES;
				CLANG_WARN_OBJC_ROOT_CLASS = YES_ERROR;
				CLANG_WARN_RANGE_LOOP_ANALYSIS = YES;
				CLANG_WARN_STRICT_PROTOTYPES = YES;
				CLANG_WARN_SUSPICIOUS_MOVE = YES;
				CLANG_WARN_UNGUARDED_AVAILABILITY = YES_AGGRESSIVE;
				CLANG_WARN_UNREACHABLE_CODE = YES;
				CLANG_WARN__DUPLICATE_METHOD_MATCH = YES;
				COPY_PHASE_STRIP = NO;
				DEBUG_INFORMATION_FORMAT = "dwarf-with-dsym";
				ENABLE_NS_ASSERTIONS = NO;
				ENABLE_STRICT_OBJC_MSGSEND = YES;
				GCC_C_LANGUAGE_STANDARD = gnu11;
				GCC_NO_COMMON_BLOCKS = YES;
				GCC_WARN_64_TO_32_BIT_CONVERSION = YES;
				GCC_WARN_ABOUT_RETURN_TYPE = YES_ERROR;
				GCC_WARN_UNDECLARED_SELECTOR = YES;
				GCC_WARN_UNINITIALIZED_AUTOS = YES_AGGRESSIVE;
				GCC_WARN_UNUSED_FUNCTION = YES;
				GCC_WARN_UNUSED_VARIABLE = YES;
				MACOSX_DEPLOYMENT_TARGET = 10.14;
				MTL_ENABLE_DEBUG_INFO = NO;
				MTL_FAST_MATH = YES;
				SDKROOT = macosx;
				SWIFT_COMPILATION_MODE = wholemodule;
				SWIFT_OPTIMIZATION_LEVEL = "-O";
			};
			name = Release;
		};
		23BC8FD123F9EE6D00885D3B /* Debug */ = {
			isa = XCBuildConfiguration;
			buildSettings = {
				ASSETCATALOG_COMPILER_APPICON_NAME = AppIcon;
				CODE_SIGN_ENTITLEMENTS = "DSFToggleButton Demo/DSFToggleButton_Demo.entitlements";
				CODE_SIGN_STYLE = Automatic;
				COMBINE_HIDPI_IMAGES = YES;
				DEVELOPMENT_TEAM = 3L6RK3LGGW;
				ENABLE_HARDENED_RUNTIME = YES;
				INFOPLIST_FILE = "DSFToggleButton Demo/Info.plist";
				LD_RUNPATH_SEARCH_PATHS = (
					"$(inherited)",
					"@executable_path/../Frameworks",
				);
				MACOSX_DEPLOYMENT_TARGET = 10.12;
				PRODUCT_BUNDLE_IDENTIFIER = "com.darrenford.DSFToggleButton-Demo";
				PRODUCT_NAME = "$(TARGET_NAME)";
				SWIFT_VERSION = 5.0;
			};
			name = Debug;
		};
		23BC8FD223F9EE6D00885D3B /* Release */ = {
			isa = XCBuildConfiguration;
			buildSettings = {
				ASSETCATALOG_COMPILER_APPICON_NAME = AppIcon;
				CODE_SIGN_ENTITLEMENTS = "DSFToggleButton Demo/DSFToggleButton_Demo.entitlements";
				CODE_SIGN_STYLE = Automatic;
				COMBINE_HIDPI_IMAGES = YES;
				DEVELOPMENT_TEAM = 3L6RK3LGGW;
				ENABLE_HARDENED_RUNTIME = YES;
				INFOPLIST_FILE = "DSFToggleButton Demo/Info.plist";
				LD_RUNPATH_SEARCH_PATHS = (
					"$(inherited)",
					"@executable_path/../Frameworks",
				);
				MACOSX_DEPLOYMENT_TARGET = 10.12;
				PRODUCT_BUNDLE_IDENTIFIER = "com.darrenford.DSFToggleButton-Demo";
				PRODUCT_NAME = "$(TARGET_NAME)";
				SWIFT_VERSION = 5.0;
			};
			name = Release;
		};
/* End XCBuildConfiguration section */

/* Begin XCConfigurationList section */
		23BC8FBD23F9EE6C00885D3B /* Build configuration list for PBXProject "DSFToggleButton Demo" */ = {
			isa = XCConfigurationList;
			buildConfigurations = (
				23BC8FCE23F9EE6D00885D3B /* Debug */,
				23BC8FCF23F9EE6D00885D3B /* Release */,
			);
			defaultConfigurationIsVisible = 0;
			defaultConfigurationName = Release;
		};
		23BC8FD023F9EE6D00885D3B /* Build configuration list for PBXNativeTarget "DSFToggleButton Demo" */ = {
			isa = XCConfigurationList;
			buildConfigurations = (
				23BC8FD123F9EE6D00885D3B /* Debug */,
				23BC8FD223F9EE6D00885D3B /* Release */,
			);
			defaultConfigurationIsVisible = 0;
			defaultConfigurationName = Release;
		};
/* End XCConfigurationList section */
	};
	rootObject = 23BC8FBA23F9EE6C00885D3B /* Project object */;
}
