{
  "object": {
    "pins": [
      {
        "package": "DSFAppearanceManager",
        "repositoryURL": "https://github.com/dagronf/DSFAppearanceManager",
        "state": {
          "branch": null,
          "revision": "279df7b796580d23786e2acfc9378528ee06b274",
          "version": "0.1.8"
        }
      }
    ]
  },
  "version": 1
}
