{
  "object": {
    "pins": [
      {
        "package": "DSFAppearanceManager",
        "repositoryURL": "https://github.com/dagronf/DSFAppearanceManager",
        "state": {
          "branch": null,
          "revision": "aa4bc29004512312df3cd99aca28ee0821bfe236",
          "version": "0.1.5"
        }
      }
    ]
  },
  "version": 1
}
