{
  "object": {
    "pins": [
      {
        "package": "DSFAppearanceManager",
        "repositoryURL": "https://github.com/dagronf/DSFAppearanceManager",
        "state": {
          "branch": null,
          "revision": "899007e7d1384c96ac9a6f4a84e54da414f72518",
          "version": "2.0.0"
        }
      }
    ]
  },
  "version": 1
}
